
Microsoft Visual Studio Solution File, Format Version 12.00
# Visual Studio 15
VisualStudioVersion = 15.0.27428.2015
MinimumVisualStudioVersion = 10.0.40219.1
Project("{9A19103F-16F7-4668-BE54-9A1E7A4F7556}") = "Janus.Example", "Janus.Example\Janus.Example.csproj", "{E288712F-E44D-4101-BC9B-CF25D6F11BAE}"
EndProject
Project("{9A19103F-16F7-4668-BE54-9A1E7A4F7556}") = "Janus", "Janus\Janus.csproj", "{96049442-97D4-4B70-9E92-DC5670A87991}"
EndProject
Project("{9A19103F-16F7-4668-BE54-9A1E7A4F7556}") = "Janus.Test", "Janus.Test\Janus.Test.csproj", "{1F48141C-EA8D-4146-AED3-FF3E1B442D89}"
EndProject
Project("{2150E333-8FDC-42A3-9474-1A3956D46DE8}") = "Solution Items", "Solution Items", "{C95D087D-5ED2-4831-AC2C-FAF0C5BAF220}"
	ProjectSection(SolutionItems) = preProject
		.gitignore = .gitignore
	EndProjectSection
EndProject
Global
	GlobalSection(SolutionConfigurationPlatforms) = preSolution
		Debug|Any CPU = Debug|Any CPU
		Release|Any CPU = Release|Any CPU
	EndGlobalSection
	GlobalSection(ProjectConfigurationPlatforms) = postSolution
		{E288712F-E44D-4101-BC9B-CF25D6F11BAE}.Debug|Any CPU.ActiveCfg = Debug|Any CPU
		{E288712F-E44D-4101-BC9B-CF25D6F11BAE}.Debug|Any CPU.Build.0 = Debug|Any CPU
		{E288712F-E44D-4101-BC9B-CF25D6F11BAE}.Release|Any CPU.ActiveCfg = Release|Any CPU
		{E288712F-E44D-4101-BC9B-CF25D6F11BAE}.Release|Any CPU.Build.0 = Release|Any CPU
		{96049442-97D4-4B70-9E92-DC5670A87991}.Debug|Any CPU.ActiveCfg = Debug|Any CPU
		{96049442-97D4-4B70-9E92-DC5670A87991}.Debug|Any CPU.Build.0 = Debug|Any CPU
		{96049442-97D4-4B70-9E92-DC5670A87991}.Release|Any CPU.ActiveCfg = Release|Any CPU
		{96049442-97D4-4B70-9E92-DC5670A87991}.Release|Any CPU.Build.0 = Release|Any CPU
		{1F48141C-EA8D-4146-AED3-FF3E1B442D89}.Debug|Any CPU.ActiveCfg = Debug|Any CPU
		{1F48141C-EA8D-4146-AED3-FF3E1B442D89}.Debug|Any CPU.Build.0 = Debug|Any CPU
		{1F48141C-EA8D-4146-AED3-FF3E1B442D89}.Release|Any CPU.ActiveCfg = Release|Any CPU
		{1F48141C-EA8D-4146-AED3-FF3E1B442D89}.Release|Any CPU.Build.0 = Release|Any CPU
	EndGlobalSection
	GlobalSection(SolutionProperties) = preSolution
		HideSolutionNode = FALSE
	EndGlobalSection
	GlobalSection(ExtensibilityGlobals) = postSolution
		SolutionGuid = {66549702-28C3-4EB7-B13A-EEE909621222}
	EndGlobalSection
EndGlobal
